// !$*UTF8*$!
{
	archiveVersion = 1;
	classes = {
	};
	objectVersion = 55;
	objects = {

/* Begin PBXBuildFile section */
		79A188B629801F6900667B46 /* AppDelegate.swift in Sources */ = {isa = PBXBuildFile; fileRef = 79A188B529801F6900667B46 /* AppDelegate.swift */; };
		79A188B829801F6900667B46 /* SceneDelegate.swift in Sources */ = {isa = PBXBuildFile; fileRef = 79A188B729801F6900667B46 /* SceneDelegate.swift */; };
		79A188BA29801F6900667B46 /* ViewController.swift in Sources */ = {isa = PBXBuildFile; fileRef = 79A188B929801F6900667B46 /* ViewController.swift */; };
		79A188BD29801F6900667B46 /* Main.storyboard in Resources */ = {isa = PBXBuildFile; fileRef = 79A188BB29801F6900667B46 /* Main.storyboard */; };
		79A188BF29801F6C00667B46 /* Assets.xcassets in Resources */ = {isa = PBXBuildFile; fileRef = 79A188BE29801F6C00667B46 /* Assets.xcassets */; };
		79A188C229801F6C00667B46 /* LaunchScreen.storyboard in Resources */ = {isa = PBXBuildFile; fileRef = 79A188C029801F6C00667B46 /* LaunchScreen.storyboard */; };
		79A188CD29801F6C00667B46 /* Hello1AppTests.swift in Sources */ = {isa = PBXBuildFile; fileRef = 79A188CC29801F6C00667B46 /* Hello1AppTests.swift */; };
		79A188D729801F6C00667B46 /* Hello1AppUITests.swift in Sources */ = {isa = PBXBuildFile; fileRef = 79A188D629801F6C00667B46 /* Hello1AppUITests.swift */; };
		79A188D929801F6C00667B46 /* Hello1AppUITestsLaunchTests.swift in Sources */ = {isa = PBXBuildFile; fileRef = 79A188D829801F6C00667B46 /* Hello1AppUITestsLaunchTests.swift */; };
/* End PBXBuildFile section */

/* Begin PBXContainerItemProxy section */
		79A188C929801F6C00667B46 /* PBXContainerItemProxy */ = {
			isa = PBXContainerItemProxy;
			containerPortal = 79A188AA29801F6900667B46 /* Project object */;
			proxyType = 1;
			remoteGlobalIDString = 79A188B129801F6900667B46;
			remoteInfo = Hello1App;
		};
		79A188D329801F6C00667B46 /* PBXContainerItemProxy */ = {
			isa = PBXContainerItemProxy;
			containerPortal = 79A188AA29801F6900667B46 /* Project object */;
			proxyType = 1;
			remoteGlobalIDString = 79A188B129801F6900667B46;
			remoteInfo = Hello1App;
		};
/* End PBXContainerItemProxy section */

/* Begin PBXFileReference section */
		79A188B229801F6900667B46 /* Hello1App.app */ = {isa = PBXFileReference; explicitFileType = wrapper.application; includeInIndex = 0; path = Hello1App.app; sourceTree = BUILT_PRODUCTS_DIR; };
		79A188B529801F6900667B46 /* AppDelegate.swift */ = {isa = PBXFileReference; lastKnownFileType = sourcecode.swift; path = AppDelegate.swift; sourceTree = "<group>"; };
		79A188B729801F6900667B46 /* SceneDelegate.swift */ = {isa = PBXFileReference; lastKnownFileType = sourcecode.swift; path = SceneDelegate.swift; sourceTree = "<group>"; };
		79A188B929801F6900667B46 /* ViewController.swift */ = {isa = PBXFileReference; lastKnownFileType = sourcecode.swift; path = ViewController.swift; sourceTree = "<group>"; };
		79A188BC29801F6900667B46 /* Base */ = {isa = PBXFileReference; lastKnownFileType = file.storyboard; name = Base; path = Base.lproj/Main.storyboard; sourceTree = "<group>"; };
		79A188BE29801F6C00667B46 /* Assets.xcassets */ = {isa = PBXFileReference; lastKnownFileType = folder.assetcatalog; path = Assets.xcassets; sourceTree = "<group>"; };
		79A188C129801F6C00667B46 /* Base */ = {isa = PBXFileReference; lastKnownFileType = file.storyboard; name = Base; path = Base.lproj/LaunchScreen.storyboard; sourceTree = "<group>"; };
		79A188C329801F6C00667B46 /* Info.plist */ = {isa = PBXFileReference; lastKnownFileType = text.plist.xml; path = Info.plist; sourceTree = "<group>"; };
		79A188C829801F6C00667B46 /* Hello1AppTests.xctest */ = {isa = PBXFileReference; explicitFileType = wrapper.cfbundle; includeInIndex = 0; path = Hello1AppTests.xctest; sourceTree = BUILT_PRODUCTS_DIR; };
		79A188CC29801F6C00667B46 /* Hello1AppTests.swift */ = {isa = PBXFileReference; lastKnownFileType = sourcecode.swift; path = Hello1AppTests.swift; sourceTree = "<group>"; };
		79A188D229801F6C00667B46 /* Hello1AppUITests.xctest */ = {isa = PBXFileReference; explicitFileType = wrapper.cfbundle; includeInIndex = 0; path = Hello1AppUITests.xctest; sourceTree = BUILT_PRODUCTS_DIR; };
		79A188D629801F6C00667B46 /* Hello1AppUITests.swift */ = {isa = PBXFileReference; lastKnownFileType = sourcecode.swift; path = Hello1AppUITests.swift; sourceTree = "<group>"; };
		79A188D829801F6C00667B46 /* Hello1AppUITestsLaunchTests.swift */ = {isa = PBXFileReference; lastKnownFileType = sourcecode.swift; path = Hello1AppUITestsLaunchTests.swift; sourceTree = "<group>"; };
/* End PBXFileReference section */

/* Begin PBXFrameworksBuildPhase section */
		79A188AF29801F6900667B46 /* Frameworks */ = {
			isa = PBXFrameworksBuildPhase;
			buildActionMask = 2147483647;
			files = (
			);
			runOnlyForDeploymentPostprocessing = 0;
		};
		79A188C529801F6C00667B46 /* Frameworks */ = {
			isa = PBXFrameworksBuildPhase;
			buildActionMask = 2147483647;
			files = (
			);
			runOnlyForDeploymentPostprocessing = 0;
		};
		79A188CF29801F6C00667B46 /* Frameworks */ = {
			isa = PBXFrameworksBuildPhase;
			buildActionMask = 2147483647;
			files = (
			);
			runOnlyForDeploymentPostprocessing = 0;
		};
/* End PBXFrameworksBuildPhase section */

/* Begin PBXGroup section */
		79A188A929801F6900667B46 = {
			isa = PBXGroup;
			children = (
				79A188B429801F6900667B46 /* Hello1App */,
				79A188CB29801F6C00667B46 /* Hello1AppTests */,
				79A188D529801F6C00667B46 /* Hello1AppUITests */,
				79A188B329801F6900667B46 /* Products */,
			);
			sourceTree = "<group>";
		};
		79A188B329801F6900667B46 /* Products */ = {
			isa = PBXGroup;
			children = (
				79A188B229801F6900667B46 /* Hello1App.app */,
				79A188C829801F6C00667B46 /* Hello1AppTests.xctest */,
				79A188D229801F6C00667B46 /* Hello1AppUITests.xctest */,
			);
			name = Products;
			sourceTree = "<group>";
		};
		79A188B429801F6900667B46 /* Hello1App */ = {
			isa = PBXGroup;
			children = (
				79A188B529801F6900667B46 /* AppDelegate.swift */,
				79A188B729801F6900667B46 /* SceneDelegate.swift */,
				79A188B929801F6900667B46 /* ViewController.swift */,
				79A188BB29801F6900667B46 /* Main.storyboard */,
				79A188BE29801F6C00667B46 /* Assets.xcassets */,
				79A188C029801F6C00667B46 /* LaunchScreen.storyboard */,
				79A188C329801F6C00667B46 /* Info.plist */,
			);
			path = Hello1App;
			sourceTree = "<group>";
		};
		79A188CB29801F6C00667B46 /* Hello1AppTests */ = {
			isa = PBXGroup;
			children = (
				79A188CC29801F6C00667B46 /* Hello1AppTests.swift */,
			);
			path = Hello1AppTests;
			sourceTree = "<group>";
		};
		79A188D529801F6C00667B46 /* Hello1AppUITests */ = {
			isa = PBXGroup;
			children = (
				79A188D629801F6C00667B46 /* Hello1AppUITests.swift */,
				79A188D829801F6C00667B46 /* Hello1AppUITestsLaunchTests.swift */,
			);
			path = Hello1AppUITests;
			sourceTree = "<group>";
		};
/* End PBXGroup section */

/* Begin PBXNativeTarget section */
		79A188B129801F6900667B46 /* Hello1App */ = {
			isa = PBXNativeTarget;
			buildConfigurationList = 79A188DC29801F6C00667B46 /* Build configuration list for PBXNativeTarget "Hello1App" */;
			buildPhases = (
				79A188AE29801F6900667B46 /* Sources */,
				79A188AF29801F6900667B46 /* Frameworks */,
				79A188B029801F6900667B46 /* Resources */,
			);
			buildRules = (
			);
			dependencies = (
			);
			name = Hello1App;
			productName = Hello1App;
			productReference = 79A188B229801F6900667B46 /* Hello1App.app */;
			productType = "com.apple.product-type.application";
		};
		79A188C729801F6C00667B46 /* Hello1AppTests */ = {
			isa = PBXNativeTarget;
			buildConfigurationList = 79A188DF29801F6C00667B46 /* Build configuration list for PBXNativeTarget "Hello1AppTests" */;
			buildPhases = (
				79A188C429801F6C00667B46 /* Sources */,
				79A188C529801F6C00667B46 /* Frameworks */,
				79A188C629801F6C00667B46 /* Resources */,
			);
			buildRules = (
			);
			dependencies = (
				79A188CA29801F6C00667B46 /* PBXTargetDependency */,
			);
			name = Hello1AppTests;
			productName = Hello1AppTests;
			productReference = 79A188C829801F6C00667B46 /* Hello1AppTests.xctest */;
			productType = "com.apple.product-type.bundle.unit-test";
		};
		79A188D129801F6C00667B46 /* Hello1AppUITests */ = {
			isa = PBXNativeTarget;
			buildConfigurationList = 79A188E229801F6C00667B46 /* Build configuration list for PBXNativeTarget "Hello1AppUITests" */;
			buildPhases = (
				79A188CE29801F6C00667B46 /* Sources */,
				79A188CF29801F6C00667B46 /* Frameworks */,
				79A188D029801F6C00667B46 /* Resources */,
			);
			buildRules = (
			);
			dependencies = (
				79A188D429801F6C00667B46 /* PBXTargetDependency */,
			);
			name = Hello1AppUITests;
			productName = Hello1AppUITests;
			productReference = 79A188D229801F6C00667B46 /* Hello1AppUITests.xctest */;
			productType = "com.apple.product-type.bundle.ui-testing";
		};
/* End PBXNativeTarget section */

/* Begin PBXProject section */
		79A188AA29801F6900667B46 /* Project object */ = {
			isa = PBXProject;
			attributes = {
				BuildIndependentTargetsInParallel = 1;
				LastSwiftUpdateCheck = 1340;
				LastUpgradeCheck = 1340;
				TargetAttributes = {
					79A188B129801F6900667B46 = {
						CreatedOnToolsVersion = 13.4.1;
					};
					79A188C729801F6C00667B46 = {
						CreatedOnToolsVersion = 13.4.1;
						TestTargetID = 79A188B129801F6900667B46;
					};
					79A188D129801F6C00667B46 = {
						CreatedOnToolsVersion = 13.4.1;
						TestTargetID = 79A188B129801F6900667B46;
					};
				};
			};
			buildConfigurationList = 79A188AD29801F6900667B46 /* Build configuration list for PBXProject "Hello1App" */;
			compatibilityVersion = "Xcode 13.0";
			developmentRegion = en;
			hasScannedForEncodings = 0;
			knownRegions = (
				en,
				Base,
			);
			mainGroup = 79A188A929801F6900667B46;
			productRefGroup = 79A188B329801F6900667B46 /* Products */;
			projectDirPath = "";
			projectRoot = "";
			targets = (
				79A188B129801F6900667B46 /* Hello1App */,
				79A188C729801F6C00667B46 /* Hello1AppTests */,
				79A188D129801F6C00667B46 /* Hello1AppUITests */,
			);
		};
/* End PBXProject section */

/* Begin PBXResourcesBuildPhase section */
		79A188B029801F6900667B46 /* Resources */ = {
			isa = PBXResourcesBuildPhase;
			buildActionMask = 2147483647;
			files = (
				79A188C229801F6C00667B46 /* LaunchScreen.storyboard in Resources */,
				79A188BF29801F6C00667B46 /* Assets.xcassets in Resources */,
				79A188BD29801F6900667B46 /* Main.storyboard in Resources */,
			);
			runOnlyForDeploymentPostprocessing = 0;
		};
		79A188C629801F6C00667B46 /* Resources */ = {
			isa = PBXResourcesBuildPhase;
			buildActionMask = 2147483647;
			files = (
			);
			runOnlyForDeploymentPostprocessing = 0;
		};
		79A188D029801F6C00667B46 /* Resources */ = {
			isa = PBXResourcesBuildPhase;
			buildActionMask = 2147483647;
			files = (
			);
			runOnlyForDeploymentPostprocessing = 0;
		};
/* End PBXResourcesBuildPhase section */

/* Begin PBXSourcesBuildPhase section */
		79A188AE29801F6900667B46 /* Sources */ = {
			isa = PBXSourcesBuildPhase;
			buildActionMask = 2147483647;
			files = (
				79A188BA29801F6900667B46 /* ViewController.swift in Sources */,
				79A188B629801F6900667B46 /* AppDelegate.swift in Sources */,
				79A188B829801F6900667B46 /* SceneDelegate.swift in Sources */,
			);
			runOnlyForDeploymentPostprocessing = 0;
		};
		79A188C429801F6C00667B46 /* Sources */ = {
			isa = PBXSourcesBuildPhase;
			buildActionMask = 2147483647;
			files = (
				79A188CD29801F6C00667B46 /* Hello1AppTests.swift in Sources */,
			);
			runOnlyForDeploymentPostprocessing = 0;
		};
		79A188CE29801F6C00667B46 /* Sources */ = {
			isa = PBXSourcesBuildPhase;
			buildActionMask = 2147483647;
			files = (
				79A188D729801F6C00667B46 /* Hello1AppUITests.swift in Sources */,
				79A188D929801F6C00667B46 /* Hello1AppUITestsLaunchTests.swift in Sources */,
			);
			runOnlyForDeploymentPostprocessing = 0;
		};
/* End PBXSourcesBuildPhase section */

/* Begin PBXTargetDependency section */
		79A188CA29801F6C00667B46 /* PBXTargetDependency */ = {
			isa = PBXTargetDependency;
			target = 79A188B129801F6900667B46 /* Hello1App */;
			targetProxy = 79A188C929801F6C00667B46 /* PBXContainerItemProxy */;
		};
		79A188D429801F6C00667B46 /* PBXTargetDependency */ = {
			isa = PBXTargetDependency;
			target = 79A188B129801F6900667B46 /* Hello1App */;
			targetProxy = 79A188D329801F6C00667B46 /* PBXContainerItemProxy */;
		};
/* End PBXTargetDependency section */

/* Begin PBXVariantGroup section */
		79A188BB29801F6900667B46 /* Main.storyboard */ = {
			isa = PBXVariantGroup;
			children = (
				79A188BC29801F6900667B46 /* Base */,
			);
			name = Main.storyboard;
			sourceTree = "<group>";
		};
		79A188C029801F6C00667B46 /* LaunchScreen.storyboard */ = {
			isa = PBXVariantGroup;
			children = (
				79A188C129801F6C00667B46 /* Base */,
			);
			name = LaunchScreen.storyboard;
			sourceTree = "<group>";
		};
/* End PBXVariantGroup section */

/* Begin XCBuildConfiguration section */
		79A188DA29801F6C00667B46 /* Debug */ = {
			isa = XCBuildConfiguration;
			buildSettings = {
				ALWAYS_SEARCH_USER_PATHS = NO;
				CLANG_ANALYZER_NONNULL = YES;
				CLANG_ANALYZER_NUMBER_OBJECT_CONVERSION = YES_AGGRESSIVE;
				CLANG_CXX_LANGUAGE_STANDARD = "gnu++17";
				CLANG_ENABLE_MODULES = YES;
				CLANG_ENABLE_OBJC_ARC = YES;
				CLANG_ENABLE_OBJC_WEAK = YES;
				CLANG_WARN_BLOCK_CAPTURE_AUTORELEASING = YES;
				CLANG_WARN_BOOL_CONVERSION = YES;
				CLANG_WARN_COMMA = YES;
				CLANG_WARN_CONSTANT_CONVERSION = YES;
				CLANG_WARN_DEPRECATED_OBJC_IMPLEMENTATIONS = YES;
				CLANG_WARN_DIRECT_OBJC_ISA_USAGE = YES_ERROR;
				CLANG_WARN_DOCUMENTATION_COMMENTS = YES;
				CLANG_WARN_EMPTY_BODY = YES;
				CLANG_WARN_ENUM_CONVERSION = YES;
				CLANG_WARN_INFINITE_RECURSION = YES;
				CLANG_WARN_INT_CONVERSION = YES;
				CLANG_WARN_NON_LITERAL_NULL_CONVERSION = YES;
				CLANG_WARN_OBJC_IMPLICIT_RETAIN_SELF = YES;
				CLANG_WARN_OBJC_LITERAL_CONVERSION = YES;
				CLANG_WARN_OBJC_ROOT_CLASS = YES_ERROR;
				CLANG_WARN_QUOTED_INCLUDE_IN_FRAMEWORK_HEADER = YES;
				CLANG_WARN_RANGE_LOOP_ANALYSIS = YES;
				CLANG_WARN_STRICT_PROTOTYPES = YES;
				CLANG_WARN_SUSPICIOUS_MOVE = YES;
				CLANG_WARN_UNGUARDED_AVAILABILITY = YES_AGGRESSIVE;
				CLANG_WARN_UNREACHABLE_CODE = YES;
				CLANG_WARN__DUPLICATE_METHOD_MATCH = YES;
				COPY_PHASE_STRIP = NO;
				DEBUG_INFORMATION_FORMAT = dwarf;
				ENABLE_STRICT_OBJC_MSGSEND = YES;
				ENABLE_TESTABILITY = YES;
				GCC_C_LANGUAGE_STANDARD = gnu11;
				GCC_DYNAMIC_NO_PIC = NO;
				GCC_NO_COMMON_BLOCKS = YES;
				GCC_OPTIMIZATION_LEVEL = 0;
				GCC_PREPROCESSOR_DEFINITIONS = (
					"DEBUG=1",
					"$(inherited)",
				);
				GCC_WARN_64_TO_32_BIT_CONVERSION = YES;
				GCC_WARN_ABOUT_RETURN_TYPE = YES_ERROR;
				GCC_WARN_UNDECLARED_SELECTOR = YES;
				GCC_WARN_UNINITIALIZED_AUTOS = YES_AGGRESSIVE;
				GCC_WARN_UNUSED_FUNCTION = YES;
				GCC_WARN_UNUSED_VARIABLE = YES;
				IPHONEOS_DEPLOYMENT_TARGET = 15.5;
				MTL_ENABLE_DEBUG_INFO = INCLUDE_SOURCE;
				MTL_FAST_MATH = YES;
				ONLY_ACTIVE_ARCH = YES;
				SDKROOT = iphoneos;
				SWIFT_ACTIVE_COMPILATION_CONDITIONS = DEBUG;
				SWIFT_OPTIMIZATION_LEVEL = "-Onone";
			};
			name = Debug;
		};
		79A188DB29801F6C00667B46 /* Release */ = {
			isa = XCBuildConfiguration;
			buildSettings = {
				ALWAYS_SEARCH_USER_PATHS = NO;
				CLANG_ANALYZER_NONNULL = YES;
				CLANG_ANALYZER_NUMBER_OBJECT_CONVERSION = YES_AGGRESSIVE;
				CLANG_CXX_LANGUAGE_STANDARD = "gnu++17";
				CLANG_ENABLE_MODULES = YES;
				CLANG_ENABLE_OBJC_ARC = YES;
				CLANG_ENABLE_OBJC_WEAK = YES;
				CLANG_WARN_BLOCK_CAPTURE_AUTORELEASING = YES;
				CLANG_WARN_BOOL_CONVERSION = YES;
				CLANG_WARN_COMMA = YES;
				CLANG_WARN_CONSTANT_CONVERSION = YES;
				CLANG_WARN_DEPRECATED_OBJC_IMPLEMENTATIONS = YES;
				CLANG_WARN_DIRECT_OBJC_ISA_USAGE = YES_ERROR;
				CLANG_WARN_DOCUMENTATION_COMMENTS = YES;
				CLANG_WARN_EMPTY_BODY = YES;
				CLANG_WARN_ENUM_CONVERSION = YES;
				CLANG_WARN_INFINITE_RECURSION = YES;
				CLANG_WARN_INT_CONVERSION = YES;
				CLANG_WARN_NON_LITERAL_NULL_CONVERSION = YES;
				CLANG_WARN_OBJC_IMPLICIT_RETAIN_SELF = YES;
				CLANG_WARN_OBJC_LITERAL_CONVERSION = YES;
				CLANG_WARN_OBJC_ROOT_CLASS = YES_ERROR;
				CLANG_WARN_QUOTED_INCLUDE_IN_FRAMEWORK_HEADER = YES;
				CLANG_WARN_RANGE_LOOP_ANALYSIS = YES;
				CLANG_WARN_STRICT_PROTOTYPES = YES;
				CLANG_WARN_SUSPICIOUS_MOVE = YES;
				CLANG_WARN_UNGUARDED_AVAILABILITY = YES_AGGRESSIVE;
				CLANG_WARN_UNREACHABLE_CODE = YES;
				CLANG_WARN__DUPLICATE_METHOD_MATCH = YES;
				COPY_PHASE_STRIP = NO;
				DEBUG_INFORMATION_FORMAT = "dwarf-with-dsym";
				ENABLE_NS_ASSERTIONS = NO;
				ENABLE_STRICT_OBJC_MSGSEND = YES;
				GCC_C_LANGUAGE_STANDARD = gnu11;
				GCC_NO_COMMON_BLOCKS = YES;
				GCC_WARN_64_TO_32_BIT_CONVERSION = YES;
				GCC_WARN_ABOUT_RETURN_TYPE = YES_ERROR;
				GCC_WARN_UNDECLARED_SELECTOR = YES;
				GCC_WARN_UNINITIALIZED_AUTOS = YES_AGGRESSIVE;
				GCC_WARN_UNUSED_FUNCTION = YES;
				GCC_WARN_UNUSED_VARIABLE = YES;
				IPHONEOS_DEPLOYMENT_TARGET = 15.5;
				MTL_ENABLE_DEBUG_INFO = NO;
				MTL_FAST_MATH = YES;
				SDKROOT = iphoneos;
				SWIFT_COMPILATION_MODE = wholemodule;
				SWIFT_OPTIMIZATION_LEVEL = "-O";
				VALIDATE_PRODUCT = YES;
			};
			name = Release;
		};
		79A188DD29801F6C00667B46 /* Debug */ = {
			isa = XCBuildConfiguration;
			buildSettings = {
				ASSETCATALOG_COMPILER_APPICON_NAME = AppIcon;
				ASSETCATALOG_COMPILER_GLOBAL_ACCENT_COLOR_NAME = AccentColor;
				CODE_SIGN_STYLE = Automatic;
				CURRENT_PROJECT_VERSION = 1;
				GENERATE_INFOPLIST_FILE = YES;
				INFOPLIST_FILE = Hello1App/Info.plist;
				INFOPLIST_KEY_CFBundleDisplayName = Hello1App;
				INFOPLIST_KEY_UIApplicationSupportsIndirectInputEvents = YES;
				INFOPLIST_KEY_UILaunchStoryboardName = LaunchScreen;
				INFOPLIST_KEY_UIMainStoryboardFile = Main;
				INFOPLIST_KEY_UISupportedInterfaceOrientations_iPad = "UIInterfaceOrientationPortrait UIInterfaceOrientationPortraitUpsideDown UIInterfaceOrientationLandscapeLeft UIInterfaceOrientationLandscapeRight";
				INFOPLIST_KEY_UISupportedInterfaceOrientations_iPhone = "UIInterfaceOrientationPortrait UIInterfaceOrientationLandscapeLeft UIInterfaceOrientationLandscapeRight";
				IPHONEOS_DEPLOYMENT_TARGET = 15.5;
				LD_RUNPATH_SEARCH_PATHS = (
					"$(inherited)",
					"@executable_path/Frameworks",
				);
				MARKETING_VERSION = 1.0;
				PRODUCT_BUNDLE_IDENTIFIER = nwmissouri.edu.Hello1App;
				PRODUCT_NAME = "$(TARGET_NAME)";
				SWIFT_EMIT_LOC_STRINGS = YES;
				SWIFT_VERSION = 5.0;
				TARGETED_DEVICE_FAMILY = "1,2";
			};
			name = Debug;
		};
		79A188DE29801F6C00667B46 /* Release */ = {
			isa = XCBuildConfiguration;
			buildSettings = {
				ASSETCATALOG_COMPILER_APPICON_NAME = AppIcon;
				ASSETCATALOG_COMPILER_GLOBAL_ACCENT_COLOR_NAME = AccentColor;
				CODE_SIGN_STYLE = Automatic;
				CURRENT_PROJECT_VERSION = 1;
				GENERATE_INFOPLIST_FILE = YES;
				INFOPLIST_FILE = Hello1App/Info.plist;
				INFOPLIST_KEY_CFBundleDisplayName = Hello1App;
				INFOPLIST_KEY_UIApplicationSupportsIndirectInputEvents = YES;
				INFOPLIST_KEY_UILaunchStoryboardName = LaunchScreen;
				INFOPLIST_KEY_UIMainStoryboardFile = Main;
				INFOPLIST_KEY_UISupportedInterfaceOrientations_iPad = "UIInterfaceOrientationPortrait UIInterfaceOrientationPortraitUpsideDown UIInterfaceOrientationLandscapeLeft UIInterfaceOrientationLandscapeRight";
				INFOPLIST_KEY_UISupportedInterfaceOrientations_iPhone = "UIInterfaceOrientationPortrait UIInterfaceOrientationLandscapeLeft UIInterfaceOrientationLandscapeRight";
				IPHONEOS_DEPLOYMENT_TARGET = 15.5;
				LD_RUNPATH_SEARCH_PATHS = (
					"$(inherited)",
					"@executable_path/Frameworks",
				);
				MARKETING_VERSION = 1.0;
				PRODUCT_BUNDLE_IDENTIFIER = nwmissouri.edu.Hello1App;
				PRODUCT_NAME = "$(TARGET_NAME)";
				SWIFT_EMIT_LOC_STRINGS = YES;
				SWIFT_VERSION = 5.0;
				TARGETED_DEVICE_FAMILY = "1,2";
			};
			name = Release;
		};
		79A188E029801F6C00667B46 /* Debug */ = {
			isa = XCBuildConfiguration;
			buildSettings = {
				ALWAYS_EMBED_SWIFT_STANDARD_LIBRARIES = YES;
				BUNDLE_LOADER = "$(TEST_HOST)";
				CODE_SIGN_STYLE = Automatic;
				CURRENT_PROJECT_VERSION = 1;
				GENERATE_INFOPLIST_FILE = YES;
				IPHONEOS_DEPLOYMENT_TARGET = 15.5;
				MARKETING_VERSION = 1.0;
				PRODUCT_BUNDLE_IDENTIFIER = nwmissouri.edu.Hello1AppTests;
				PRODUCT_NAME = "$(TARGET_NAME)";
				SWIFT_EMIT_LOC_STRINGS = NO;
				SWIFT_VERSION = 5.0;
				TARGETED_DEVICE_FAMILY = "1,2";
				TEST_HOST = "$(BUILT_PRODUCTS_DIR)/Hello1App.app/Hello1App";
			};
			name = Debug;
		};
		79A188E129801F6C00667B46 /* Release */ = {
			isa = XCBuildConfiguration;
			buildSettings = {
				ALWAYS_EMBED_SWIFT_STANDARD_LIBRARIES = YES;
				BUNDLE_LOADER = "$(TEST_HOST)";
				CODE_SIGN_STYLE = Automatic;
				CURRENT_PROJECT_VERSION = 1;
				GENERATE_INFOPLIST_FILE = YES;
				IPHONEOS_DEPLOYMENT_TARGET = 15.5;
				MARKETING_VERSION = 1.0;
				PRODUCT_BUNDLE_IDENTIFIER = nwmissouri.edu.Hello1AppTests;
				PRODUCT_NAME = "$(TARGET_NAME)";
				SWIFT_EMIT_LOC_STRINGS = NO;
				SWIFT_VERSION = 5.0;
				TARGETED_DEVICE_FAMILY = "1,2";
				TEST_HOST = "$(BUILT_PRODUCTS_DIR)/Hello1App.app/Hello1App";
			};
			name = Release;
		};
		79A188E329801F6C00667B46 /* Debug */ = {
			isa = XCBuildConfiguration;
			buildSettings = {
				ALWAYS_EMBED_SWIFT_STANDARD_LIBRARIES = YES;
				CODE_SIGN_STYLE = Automatic;
				CURRENT_PROJECT_VERSION = 1;
				GENERATE_INFOPLIST_FILE = YES;
				MARKETING_VERSION = 1.0;
				PRODUCT_BUNDLE_IDENTIFIER = nwmissouri.edu.Hello1AppUITests;
				PRODUCT_NAME = "$(TARGET_NAME)";
				SWIFT_EMIT_LOC_STRINGS = NO;
				SWIFT_VERSION = 5.0;
				TARGETED_DEVICE_FAMILY = "1,2";
				TEST_TARGET_NAME = Hello1App;
			};
			name = Debug;
		};
		79A188E429801F6C00667B46 /* Release */ = {
			isa = XCBuildConfiguration;
			buildSettings = {
				ALWAYS_EMBED_SWIFT_STANDARD_LIBRARIES = YES;
				CODE_SIGN_STYLE = Automatic;
				CURRENT_PROJECT_VERSION = 1;
				GENERATE_INFOPLIST_FILE = YES;
				MARKETING_VERSION = 1.0;
				PRODUCT_BUNDLE_IDENTIFIER = nwmissouri.edu.Hello1AppUITests;
				PRODUCT_NAME = "$(TARGET_NAME)";
				SWIFT_EMIT_LOC_STRINGS = NO;
				SWIFT_VERSION = 5.0;
				TARGETED_DEVICE_FAMILY = "1,2";
				TEST_TARGET_NAME = Hello1App;
			};
			name = Release;
		};
/* End XCBuildConfiguration section */

/* Begin XCConfigurationList section */
		79A188AD29801F6900667B46 /* Build configuration list for PBXProject "Hello1App" */ = {
			isa = XCConfigurationList;
			buildConfigurations = (
				79A188DA29801F6C00667B46 /* Debug */,
				79A188DB29801F6C00667B46 /* Release */,
			);
			defaultConfigurationIsVisible = 0;
			defaultConfigurationName = Release;
		};
		79A188DC29801F6C00667B46 /* Build configuration list for PBXNativeTarget "Hello1App" */ = {
			isa = XCConfigurationList;
			buildConfigurations = (
				79A188DD29801F6C00667B46 /* Debug */,
				79A188DE29801F6C00667B46 /* Release */,
			);
			defaultConfigurationIsVisible = 0;
			defaultConfigurationName = Release;
		};
		79A188DF29801F6C00667B46 /* Build configuration list for PBXNativeTarget "Hello1AppTests" */ = {
			isa = XCConfigurationList;
			buildConfigurations = (
				79A188E029801F6C00667B46 /* Debug */,
				79A188E129801F6C00667B46 /* Release */,
			);
			defaultConfigurationIsVisible = 0;
			defaultConfigurationName = Release;
		};
		79A188E229801F6C00667B46 /* Build configuration list for PBXNativeTarget "Hello1AppUITests" */ = {
			isa = XCConfigurationList;
			buildConfigurations = (
				79A188E329801F6C00667B46 /* Debug */,
				79A188E429801F6C00667B46 /* Release */,
			);
			defaultConfigurationIsVisible = 0;
			defaultConfigurationName = Release;
		};
/* End XCConfigurationList section */
	};
	rootObject = 79A188AA29801F6900667B46 /* Project object */;
}
